
Microsoft Visual Studio Solution File, Format Version 12.00
# Visual Studio Version 16
VisualStudioVersion = 16.0.32510.428
MinimumVisualStudioVersion = 10.0.40219.1
Project("{FAE04EC0-301F-11D3-BF4B-00C04F79EFBC}") = "c_ransomeware", "c_ransomeware\c_ransomeware.csproj", "{EAF98EFC-18C7-4AB8-BA8E-9E6F228E0C45}"
EndProject
Global
	GlobalSection(SolutionConfigurationPlatforms) = preSolution
		Debug|Any CPU = Debug|Any CPU
		Release|Any CPU = Release|Any CPU
	EndGlobalSection
	GlobalSection(ProjectConfigurationPlatforms) = postSolution
		{EAF98EFC-18C7-4AB8-BA8E-9E6F228E0C45}.Debug|Any CPU.ActiveCfg = Debug|Any CPU
		{EAF98EFC-18C7-4AB8-BA8E-9E6F228E0C45}.Debug|Any CPU.Build.0 = Debug|Any CPU
		{EAF98EFC-18C7-4AB8-BA8E-9E6F228E0C45}.Release|Any CPU.ActiveCfg = Release|Any CPU
		{EAF98EFC-18C7-4AB8-BA8E-9E6F228E0C45}.Release|Any CPU.Build.0 = Release|Any CPU
	EndGlobalSection
	GlobalSection(SolutionProperties) = preSolution
		HideSolutionNode = FALSE
	EndGlobalSection
	GlobalSection(ExtensibilityGlobals) = postSolution
		SolutionGuid = {D1C34A9C-556A-47BB-BC51-FF1D52822505}
	EndGlobalSection
EndGlobal
